
Microsoft Visual Studio Solution File, Format Version 12.00
# Visual Studio Version 17
VisualStudioVersion = 17.7.34003.232
MinimumVisualStudioVersion = 10.0.40219.1
Project("{FAE04EC0-301F-11D3-BF4B-00C04F79EFBC}") = "Projeto de Iniciação Científica - AES", "Projeto de Iniciação Científica - AES\Projeto de Iniciação Científica - AES.csproj", "{E24D3B11-6598-4538-8D73-AA7B020D4531}"
EndProject
Global
	GlobalSection(SolutionConfigurationPlatforms) = preSolution
		Debug|Any CPU = Debug|Any CPU
		Release|Any CPU = Release|Any CPU
	EndGlobalSection
	GlobalSection(ProjectConfigurationPlatforms) = postSolution
		{E24D3B11-6598-4538-8D73-AA7B020D4531}.Debug|Any CPU.ActiveCfg = Debug|Any CPU
		{E24D3B11-6598-4538-8D73-AA7B020D4531}.Debug|Any CPU.Build.0 = Debug|Any CPU
		{E24D3B11-6598-4538-8D73-AA7B020D4531}.Release|Any CPU.ActiveCfg = Release|Any CPU
		{E24D3B11-6598-4538-8D73-AA7B020D4531}.Release|Any CPU.Build.0 = Release|Any CPU
	EndGlobalSection
	GlobalSection(SolutionProperties) = preSolution
		HideSolutionNode = FALSE
	EndGlobalSection
	GlobalSection(ExtensibilityGlobals) = postSolution
		SolutionGuid = {B00E421F-BF27-4FDA-837A-10A10619DC50}
	EndGlobalSection
EndGlobal
